
Microsoft Visual Studio Solution File, Format Version 12.00
# Visual Studio 14
VisualStudioVersion = 14.0.25420.1
MinimumVisualStudioVersion = 10.0.40219.1
Project("{2150E333-8FDC-42A3-9474-1A3956D46DE8}") = "Tests", "Tests", "{4F794B32-554C-4217-AAA2-BA1A492604B5}"
EndProject
Project("{2150E333-8FDC-42A3-9474-1A3956D46DE8}") = ".nuget", ".nuget", "{BC99F580-393B-42C4-B25B-1BAD30170515}"
	ProjectSection(SolutionItems) = preProject
		.nuget\NuGet.Config = .nuget\NuGet.Config
		.nuget\NuGet.exe = .nuget\NuGet.exe
		.nuget\NuGet.targets = .nuget\NuGet.targets
	EndProjectSection
EndProject
Project("{2150E333-8FDC-42A3-9474-1A3956D46DE8}") = "PublishScripts", "PublishScripts", "{6987ACD4-6C47-4513-BF9F-369E4C9BDF1C}"
EndProject
Project("{2150E333-8FDC-42A3-9474-1A3956D46DE8}") = "Scripts", "Scripts", "{1CAAE507-16F5-4E2D-A892-C39D0C9353C7}"
	ProjectSection(SolutionItems) = preProject
		PublishScripts\Scripts\Deploy-AzureResourceGroup.ps1 = PublishScripts\Scripts\Deploy-AzureResourceGroup.ps1
	EndProjectSection
EndProject
Project("{2150E333-8FDC-42A3-9474-1A3956D46DE8}") = "Templates", "Templates", "{7DD5F5F6-87F5-4A74-B7CF-478EE12AAB62}"
	ProjectSection(SolutionItems) = preProject
		PublishScripts\Templates\CmxTimesheetWeb.json = PublishScripts\Templates\CmxTimesheetWeb.json
		PublishScripts\Templates\CmxTimesheetWeb.param.dev.json = PublishScripts\Templates\CmxTimesheetWeb.param.dev.json
	EndProjectSection
EndProject
Project("{2150E333-8FDC-42A3-9474-1A3956D46DE8}") = "Implementation", "Implementation", "{81DE36FF-07D7-4C38-AED5-C1C1FBFD60A4}"
EndProject
Project("{FAE04EC0-301F-11D3-BF4B-00C04F79EFBC}") = "Cmx.Timesheet.Services.Tests", "test\Cmx.Timesheet.Services.Tests\Cmx.Timesheet.Services.Tests.csproj", "{68BF9BD4-AA07-40E9-864B-6ABE53C551BA}"
	ProjectSection(ProjectDependencies) = postProject
		{882E539B-2C19-4426-A22E-052BE60B69DC} = {882E539B-2C19-4426-A22E-052BE60B69DC}
	EndProjectSection
EndProject
Project("{FAE04EC0-301F-11D3-BF4B-00C04F79EFBC}") = "Cmx.Timesheet.Api.Tests", "test\Cmx.Timesheet.Api.Tests\Cmx.Timesheet.Api.Tests.csproj", "{2BB031B3-086C-475F-BF1D-4F74F00745B9}"
	ProjectSection(ProjectDependencies) = postProject
		{51FB8B47-2EE4-4EFB-AF35-D318FC37AAEF} = {51FB8B47-2EE4-4EFB-AF35-D318FC37AAEF}
		{108A749A-3949-4D8A-AA75-C327B1929A60} = {108A749A-3949-4D8A-AA75-C327B1929A60}
		{882E539B-2C19-4426-A22E-052BE60B69DC} = {882E539B-2C19-4426-A22E-052BE60B69DC}
	EndProjectSection
EndProject
Project("{FAE04EC0-301F-11D3-BF4B-00C04F79EFBC}") = "Cmx.Timesheet.Services", "src\Cmx.Timesheet.Services\Cmx.Timesheet.Services.csproj", "{108A749A-3949-4D8A-AA75-C327B1929A60}"
	ProjectSection(ProjectDependencies) = postProject
		{882E539B-2C19-4426-A22E-052BE60B69DC} = {882E539B-2C19-4426-A22E-052BE60B69DC}
		{78506DD1-2EA8-48B5-9561-9A19E7EAD979} = {78506DD1-2EA8-48B5-9561-9A19E7EAD979}
	EndProjectSection
EndProject
Project("{E24C65DC-7377-472B-9ABA-BC803B73C61A}") = "Cmx.Timesheet.Web", "src\Cmx.Timesheet.Web\", "{4D3E4F98-FF00-4732-80DA-2EF3E0F4573D}"
	ProjectSection(WebsiteProperties) = preProject
		TargetFrameworkMoniker = ".NETFramework,Version%3Dv4.6.1"
		Debug.AspNetCompiler.VirtualPath = "/localhost_34534"
		Debug.AspNetCompiler.PhysicalPath = "src\Cmx.Timesheet.Web\"
		Debug.AspNetCompiler.TargetPath = "PrecompiledWeb\localhost_34534\"
		Debug.AspNetCompiler.Updateable = "true"
		Debug.AspNetCompiler.ForceOverwrite = "true"
		Debug.AspNetCompiler.FixedNames = "false"
		Debug.AspNetCompiler.Debug = "True"
		Release.AspNetCompiler.VirtualPath = "/localhost_34534"
		Release.AspNetCompiler.PhysicalPath = "src\Cmx.Timesheet.Web\"
		Release.AspNetCompiler.TargetPath = "PrecompiledWeb\localhost_34534\"
		Release.AspNetCompiler.Updateable = "true"
		Release.AspNetCompiler.ForceOverwrite = "true"
		Release.AspNetCompiler.FixedNames = "false"
		Release.AspNetCompiler.Debug = "False"
		VWDPort = "34534"
		SlnRelativePath = "src\Cmx.Timesheet.Web\"
	EndProjectSection
EndProject
Project("{FAE04EC0-301F-11D3-BF4B-00C04F79EFBC}") = "Cmx.Timesheet.DataAccess", "src\Cmx.Timesheet.DataAccess\Cmx.Timesheet.DataAccess.csproj", "{78506DD1-2EA8-48B5-9561-9A19E7EAD979}"
	ProjectSection(ProjectDependencies) = postProject
		{882E539B-2C19-4426-A22E-052BE60B69DC} = {882E539B-2C19-4426-A22E-052BE60B69DC}
	EndProjectSection
EndProject
Project("{FAE04EC0-301F-11D3-BF4B-00C04F79EFBC}") = "Cmx.Timesheet.Api", "src\Cmx.Timesheet.Api\Cmx.Timesheet.Api.csproj", "{51FB8B47-2EE4-4EFB-AF35-D318FC37AAEF}"
EndProject
Project("{FAE04EC0-301F-11D3-BF4B-00C04F79EFBC}") = "Cmx.Timesheet.DataAccess.Tests", "test\Cmx.Timesheet.DataAccess.Tests\Cmx.Timesheet.DataAccess.Tests.csproj", "{FE631C2F-58FF-41C0-95E9-11A1A9189240}"
EndProject
Project("{FAE04EC0-301F-11D3-BF4B-00C04F79EFBC}") = "Cmx.Timesheet.Api.Models", "src\Cmx.Timesheet.Api.Models\Cmx.Timesheet.Api.Models.csproj", "{882E539B-2C19-4426-A22E-052BE60B69DC}"
EndProject
Project("{FAE04EC0-301F-11D3-BF4B-00C04F79EFBC}") = "Cmx.Timesheet.DataAccess.Models", "src\Cmx.Timesheet.DataAccess.Models\Cmx.Timesheet.DataAccess.Models.csproj", "{1C2C2403-FBCB-4C6F-8562-5974A4E91E82}"
EndProject
Project("{FAE04EC0-301F-11D3-BF4B-00C04F79EFBC}") = "Cmx.Timesheet.Mappings", "src\Cmx.Timesheet.Mappings\Cmx.Timesheet.Mappings.csproj", "{C3E3F1B0-FAAA-4DBF-9FC9-AA8645F2FAC7}"
EndProject
Project("{FAE04EC0-301F-11D3-BF4B-00C04F79EFBC}") = "Cmx.Timesheet.Mappings.Tests", "test\Cmx.Timesheet.Mappings.Tests\Cmx.Timesheet.Mappings.Tests.csproj", "{BEF4A92C-3B3A-4DCC-A6E2-36EE90865AA0}"
EndProject
Project("{FAE04EC0-301F-11D3-BF4B-00C04F79EFBC}") = "Cmx.Timesheet.TestUtils", "test\Cmx.Timesheet.TestUtils\Cmx.Timesheet.TestUtils.csproj", "{E4719E81-8532-4ADA-A46D-A373A5EDAA44}"
EndProject
Project("{FAE04EC0-301F-11D3-BF4B-00C04F79EFBC}") = "Cmx.Timesheet.DataAccess.IntegrationTests", "test\Cmx.Timesheet.DataAccess.IntegrationTests\Cmx.Timesheet.DataAccess.IntegrationTests.csproj", "{B3E94F54-D658-4B9C-96E2-A2C9A9158256}"
EndProject
Global
	GlobalSection(SolutionConfigurationPlatforms) = preSolution
		Debug|Any CPU = Debug|Any CPU
		Release|Any CPU = Release|Any CPU
	EndGlobalSection
	GlobalSection(ProjectConfigurationPlatforms) = postSolution
		{68BF9BD4-AA07-40E9-864B-6ABE53C551BA}.Debug|Any CPU.ActiveCfg = Debug|Any CPU
		{68BF9BD4-AA07-40E9-864B-6ABE53C551BA}.Debug|Any CPU.Build.0 = Debug|Any CPU
		{68BF9BD4-AA07-40E9-864B-6ABE53C551BA}.Release|Any CPU.ActiveCfg = Release|Any CPU
		{68BF9BD4-AA07-40E9-864B-6ABE53C551BA}.Release|Any CPU.Build.0 = Release|Any CPU
		{2BB031B3-086C-475F-BF1D-4F74F00745B9}.Debug|Any CPU.ActiveCfg = Debug|Any CPU
		{2BB031B3-086C-475F-BF1D-4F74F00745B9}.Debug|Any CPU.Build.0 = Debug|Any CPU
		{2BB031B3-086C-475F-BF1D-4F74F00745B9}.Release|Any CPU.ActiveCfg = Release|Any CPU
		{2BB031B3-086C-475F-BF1D-4F74F00745B9}.Release|Any CPU.Build.0 = Release|Any CPU
		{108A749A-3949-4D8A-AA75-C327B1929A60}.Debug|Any CPU.ActiveCfg = Debug|Any CPU
		{108A749A-3949-4D8A-AA75-C327B1929A60}.Debug|Any CPU.Build.0 = Debug|Any CPU
		{108A749A-3949-4D8A-AA75-C327B1929A60}.Release|Any CPU.ActiveCfg = Release|Any CPU
		{108A749A-3949-4D8A-AA75-C327B1929A60}.Release|Any CPU.Build.0 = Release|Any CPU
		{4D3E4F98-FF00-4732-80DA-2EF3E0F4573D}.Debug|Any CPU.ActiveCfg = Debug|Any CPU
		{4D3E4F98-FF00-4732-80DA-2EF3E0F4573D}.Release|Any CPU.ActiveCfg = Debug|Any CPU
		{78506DD1-2EA8-48B5-9561-9A19E7EAD979}.Debug|Any CPU.ActiveCfg = Debug|Any CPU
		{78506DD1-2EA8-48B5-9561-9A19E7EAD979}.Debug|Any CPU.Build.0 = Debug|Any CPU
		{78506DD1-2EA8-48B5-9561-9A19E7EAD979}.Release|Any CPU.ActiveCfg = Release|Any CPU
		{78506DD1-2EA8-48B5-9561-9A19E7EAD979}.Release|Any CPU.Build.0 = Release|Any CPU
		{51FB8B47-2EE4-4EFB-AF35-D318FC37AAEF}.Debug|Any CPU.ActiveCfg = Debug|Any CPU
		{51FB8B47-2EE4-4EFB-AF35-D318FC37AAEF}.Debug|Any CPU.Build.0 = Debug|Any CPU
		{51FB8B47-2EE4-4EFB-AF35-D318FC37AAEF}.Release|Any CPU.ActiveCfg = Release|Any CPU
		{51FB8B47-2EE4-4EFB-AF35-D318FC37AAEF}.Release|Any CPU.Build.0 = Release|Any CPU
		{FE631C2F-58FF-41C0-95E9-11A1A9189240}.Debug|Any CPU.ActiveCfg = Debug|Any CPU
		{FE631C2F-58FF-41C0-95E9-11A1A9189240}.Debug|Any CPU.Build.0 = Debug|Any CPU
		{FE631C2F-58FF-41C0-95E9-11A1A9189240}.Release|Any CPU.ActiveCfg = Release|Any CPU
		{FE631C2F-58FF-41C0-95E9-11A1A9189240}.Release|Any CPU.Build.0 = Release|Any CPU
		{882E539B-2C19-4426-A22E-052BE60B69DC}.Debug|Any CPU.ActiveCfg = Debug|Any CPU
		{882E539B-2C19-4426-A22E-052BE60B69DC}.Debug|Any CPU.Build.0 = Debug|Any CPU
		{882E539B-2C19-4426-A22E-052BE60B69DC}.Release|Any CPU.ActiveCfg = Release|Any CPU
		{882E539B-2C19-4426-A22E-052BE60B69DC}.Release|Any CPU.Build.0 = Release|Any CPU
		{1C2C2403-FBCB-4C6F-8562-5974A4E91E82}.Debug|Any CPU.ActiveCfg = Debug|Any CPU
		{1C2C2403-FBCB-4C6F-8562-5974A4E91E82}.Debug|Any CPU.Build.0 = Debug|Any CPU
		{1C2C2403-FBCB-4C6F-8562-5974A4E91E82}.Release|Any CPU.ActiveCfg = Release|Any CPU
		{1C2C2403-FBCB-4C6F-8562-5974A4E91E82}.Release|Any CPU.Build.0 = Release|Any CPU
		{C3E3F1B0-FAAA-4DBF-9FC9-AA8645F2FAC7}.Debug|Any CPU.ActiveCfg = Debug|Any CPU
		{C3E3F1B0-FAAA-4DBF-9FC9-AA8645F2FAC7}.Debug|Any CPU.Build.0 = Debug|Any CPU
		{C3E3F1B0-FAAA-4DBF-9FC9-AA8645F2FAC7}.Release|Any CPU.ActiveCfg = Release|Any CPU
		{C3E3F1B0-FAAA-4DBF-9FC9-AA8645F2FAC7}.Release|Any CPU.Build.0 = Release|Any CPU
		{BEF4A92C-3B3A-4DCC-A6E2-36EE90865AA0}.Debug|Any CPU.ActiveCfg = Debug|Any CPU
		{BEF4A92C-3B3A-4DCC-A6E2-36EE90865AA0}.Debug|Any CPU.Build.0 = Debug|Any CPU
		{BEF4A92C-3B3A-4DCC-A6E2-36EE90865AA0}.Release|Any CPU.ActiveCfg = Release|Any CPU
		{BEF4A92C-3B3A-4DCC-A6E2-36EE90865AA0}.Release|Any CPU.Build.0 = Release|Any CPU
		{E4719E81-8532-4ADA-A46D-A373A5EDAA44}.Debug|Any CPU.ActiveCfg = Debug|Any CPU
		{E4719E81-8532-4ADA-A46D-A373A5EDAA44}.Debug|Any CPU.Build.0 = Debug|Any CPU
		{E4719E81-8532-4ADA-A46D-A373A5EDAA44}.Release|Any CPU.ActiveCfg = Release|Any CPU
		{E4719E81-8532-4ADA-A46D-A373A5EDAA44}.Release|Any CPU.Build.0 = Release|Any CPU
		{B3E94F54-D658-4B9C-96E2-A2C9A9158256}.Debug|Any CPU.ActiveCfg = Debug|Any CPU
		{B3E94F54-D658-4B9C-96E2-A2C9A9158256}.Debug|Any CPU.Build.0 = Debug|Any CPU
		{B3E94F54-D658-4B9C-96E2-A2C9A9158256}.Release|Any CPU.ActiveCfg = Release|Any CPU
		{B3E94F54-D658-4B9C-96E2-A2C9A9158256}.Release|Any CPU.Build.0 = Release|Any CPU
	EndGlobalSection
	GlobalSection(SolutionProperties) = preSolution
		HideSolutionNode = FALSE
	EndGlobalSection
	GlobalSection(NestedProjects) = preSolution
		{1CAAE507-16F5-4E2D-A892-C39D0C9353C7} = {6987ACD4-6C47-4513-BF9F-369E4C9BDF1C}
		{7DD5F5F6-87F5-4A74-B7CF-478EE12AAB62} = {6987ACD4-6C47-4513-BF9F-369E4C9BDF1C}
		{68BF9BD4-AA07-40E9-864B-6ABE53C551BA} = {4F794B32-554C-4217-AAA2-BA1A492604B5}
		{2BB031B3-086C-475F-BF1D-4F74F00745B9} = {4F794B32-554C-4217-AAA2-BA1A492604B5}
		{108A749A-3949-4D8A-AA75-C327B1929A60} = {81DE36FF-07D7-4C38-AED5-C1C1FBFD60A4}
		{4D3E4F98-FF00-4732-80DA-2EF3E0F4573D} = {81DE36FF-07D7-4C38-AED5-C1C1FBFD60A4}
		{78506DD1-2EA8-48B5-9561-9A19E7EAD979} = {81DE36FF-07D7-4C38-AED5-C1C1FBFD60A4}
		{51FB8B47-2EE4-4EFB-AF35-D318FC37AAEF} = {81DE36FF-07D7-4C38-AED5-C1C1FBFD60A4}
		{FE631C2F-58FF-41C0-95E9-11A1A9189240} = {4F794B32-554C-4217-AAA2-BA1A492604B5}
		{882E539B-2C19-4426-A22E-052BE60B69DC} = {81DE36FF-07D7-4C38-AED5-C1C1FBFD60A4}
		{1C2C2403-FBCB-4C6F-8562-5974A4E91E82} = {81DE36FF-07D7-4C38-AED5-C1C1FBFD60A4}
		{C3E3F1B0-FAAA-4DBF-9FC9-AA8645F2FAC7} = {81DE36FF-07D7-4C38-AED5-C1C1FBFD60A4}
		{BEF4A92C-3B3A-4DCC-A6E2-36EE90865AA0} = {4F794B32-554C-4217-AAA2-BA1A492604B5}
		{E4719E81-8532-4ADA-A46D-A373A5EDAA44} = {4F794B32-554C-4217-AAA2-BA1A492604B5}
		{B3E94F54-D658-4B9C-96E2-A2C9A9158256} = {4F794B32-554C-4217-AAA2-BA1A492604B5}
	EndGlobalSection
	GlobalSection(ExtensibilityGlobals) = postSolution
		EnterpriseLibraryConfigurationToolBinariesPath = packages\Unity.2.1.505.2\lib\NET35;packages\Unity.2.1.505.0\lib\NET35
	EndGlobalSection
EndGlobal
